# This file is generated by running "yarn install" inside your project.
# Manual changes might be lost - proceed with caution!

__metadata:
  version: 4

"alarmist-rollup@workspace:.":
  version: 0.0.0-use.local
  resolution: "alarmist-rollup@workspace:."
  dependencies:
    esm: ^3.2.25
  languageName: unknown
  linkType: soft

"esm@npm:^3.2.25":
  version: 3.2.25
  resolution: "esm@npm:3.2.25"
  checksum: 2/12a0272aaa15ce4bc07e52cbb66d471cf56ad81ad1a3c1d9f6fa1e29e8c2712716333825e2572f9dbdfdc787e5717a75cb00ce2846e2a50e2bba6971c24402f3
  languageName: node
  linkType: hard
